{
  "requires": true,
  "lockfileVersion": 1,
  "dependencies": {
    "math-expression-evaluator": {
      "version": "1.2.22",
      "resolved": "https://registry.npmjs.org/math-expression-evaluator/-/math-expression-evaluator-1.2.22.tgz",
      "integrity": "sha512-L0j0tFVZBQQLeEjmWOvDLoRciIY8gQGWahvkztXUal8jH8R5Rlqo9GCvgqvXcy9LQhEWdQCVvzqAbxgYNt4blQ=="
    }
  }
}
